
Microsoft Visual Studio Solution File, Format Version 11.00
# Visual Studio 2010
Project("{FAE04EC0-301F-11D3-BF4B-00C04F79EFBC}") = "Nant.Yui.Tasks", "Nant.Yui.Tasks\Nant.Yui.Tasks.csproj", "{B9F77C1E-E0EC-4D6F-908B-BDD4A1763C81}"
EndProject
Global
	GlobalSection(SolutionConfigurationPlatforms) = preSolution
		Debug|Any CPU = Debug|Any CPU
		Release|Any CPU = Release|Any CPU
	EndGlobalSection
	GlobalSection(ProjectConfigurationPlatforms) = postSolution
		{B9F77C1E-E0EC-4D6F-908B-BDD4A1763C81}.Debug|Any CPU.ActiveCfg = Debug|Any CPU
		{B9F77C1E-E0EC-4D6F-908B-BDD4A1763C81}.Debug|Any CPU.Build.0 = Debug|Any CPU
		{B9F77C1E-E0EC-4D6F-908B-BDD4A1763C81}.Release|Any CPU.ActiveCfg = Release|Any CPU
		{B9F77C1E-E0EC-4D6F-908B-BDD4A1763C81}.Release|Any CPU.Build.0 = Release|Any CPU
	EndGlobalSection
	GlobalSection(SolutionProperties) = preSolution
		HideSolutionNode = FALSE
	EndGlobalSection
EndGlobal
